
Microsoft Visual Studio Solution File, Format Version 12.00
# Visual Studio Version 16
VisualStudioVersion = 16.0.30114.105
MinimumVisualStudioVersion = 10.0.40219.1
Project("{FAE04EC0-301F-11D3-BF4B-00C04F79EFBC}") = "NinjaCheetah Installer", "NinjaCheetah Installer\NinjaCheetah Installer.csproj", "{D93F5BA1-2A17-48E8-ABE9-F07FFD2A7426}"
EndProject
Project("{54435603-DBB4-11D2-8724-00A0C9A8B90C}") = "NinjaCheetah Installer Setup", "NinjaCheetah Installer Setup\NinjaCheetah Installer Setup.vdproj", "{BB2520D6-7FCD-4421-A664-9781F716DB90}"
EndProject
Project("{9A19103F-16F7-4668-BE54-9A1E7A4F7556}") = "NCX-Installer", "NCX-Installer\NCX-Installer.csproj", "{793DF1EB-BC4B-4C04-98A6-2EA9DD89BC34}"
EndProject
Project("{54435603-DBB4-11D2-8724-00A0C9A8B90C}") = "NCX-Installer Setup", "NCX-Installer Setup\NCX-Installer Setup.vdproj", "{3BBA9C18-669C-4329-BFF4-9C91B27B553E}"
EndProject
Global
	GlobalSection(SolutionConfigurationPlatforms) = preSolution
		Debug|Any CPU = Debug|Any CPU
		Debug|x64 = Debug|x64
		Release|Any CPU = Release|Any CPU
		Release|x64 = Release|x64
	EndGlobalSection
	GlobalSection(ProjectConfigurationPlatforms) = postSolution
		{D93F5BA1-2A17-48E8-ABE9-F07FFD2A7426}.Debug|Any CPU.ActiveCfg = Debug|Any CPU
		{D93F5BA1-2A17-48E8-ABE9-F07FFD2A7426}.Debug|Any CPU.Build.0 = Debug|Any CPU
		{D93F5BA1-2A17-48E8-ABE9-F07FFD2A7426}.Debug|x64.ActiveCfg = Debug|Any CPU
		{D93F5BA1-2A17-48E8-ABE9-F07FFD2A7426}.Debug|x64.Build.0 = Debug|Any CPU
		{D93F5BA1-2A17-48E8-ABE9-F07FFD2A7426}.Release|Any CPU.ActiveCfg = Release|Any CPU
		{D93F5BA1-2A17-48E8-ABE9-F07FFD2A7426}.Release|Any CPU.Build.0 = Release|Any CPU
		{D93F5BA1-2A17-48E8-ABE9-F07FFD2A7426}.Release|x64.ActiveCfg = Release|Any CPU
		{D93F5BA1-2A17-48E8-ABE9-F07FFD2A7426}.Release|x64.Build.0 = Release|Any CPU
		{BB2520D6-7FCD-4421-A664-9781F716DB90}.Debug|Any CPU.ActiveCfg = Debug
		{BB2520D6-7FCD-4421-A664-9781F716DB90}.Debug|x64.ActiveCfg = Debug
		{BB2520D6-7FCD-4421-A664-9781F716DB90}.Debug|x64.Build.0 = Debug
		{BB2520D6-7FCD-4421-A664-9781F716DB90}.Release|Any CPU.ActiveCfg = Release
		{BB2520D6-7FCD-4421-A664-9781F716DB90}.Release|x64.ActiveCfg = Release
		{BB2520D6-7FCD-4421-A664-9781F716DB90}.Release|x64.Build.0 = Release
		{793DF1EB-BC4B-4C04-98A6-2EA9DD89BC34}.Debug|Any CPU.ActiveCfg = Debug|Any CPU
		{793DF1EB-BC4B-4C04-98A6-2EA9DD89BC34}.Debug|Any CPU.Build.0 = Debug|Any CPU
		{793DF1EB-BC4B-4C04-98A6-2EA9DD89BC34}.Debug|x64.ActiveCfg = Debug|x64
		{793DF1EB-BC4B-4C04-98A6-2EA9DD89BC34}.Debug|x64.Build.0 = Debug|x64
		{793DF1EB-BC4B-4C04-98A6-2EA9DD89BC34}.Release|Any CPU.ActiveCfg = Release|Any CPU
		{793DF1EB-BC4B-4C04-98A6-2EA9DD89BC34}.Release|Any CPU.Build.0 = Release|Any CPU
		{793DF1EB-BC4B-4C04-98A6-2EA9DD89BC34}.Release|x64.ActiveCfg = Release|x64
		{793DF1EB-BC4B-4C04-98A6-2EA9DD89BC34}.Release|x64.Build.0 = Release|x64
		{3BBA9C18-669C-4329-BFF4-9C91B27B553E}.Debug|Any CPU.ActiveCfg = Debug
		{3BBA9C18-669C-4329-BFF4-9C91B27B553E}.Debug|x64.ActiveCfg = Debug
		{3BBA9C18-669C-4329-BFF4-9C91B27B553E}.Release|Any CPU.ActiveCfg = Release
		{3BBA9C18-669C-4329-BFF4-9C91B27B553E}.Release|x64.ActiveCfg = Release
	EndGlobalSection
	GlobalSection(SolutionProperties) = preSolution
		HideSolutionNode = FALSE
	EndGlobalSection
	GlobalSection(ExtensibilityGlobals) = postSolution
		SolutionGuid = {3ECCA159-8EB4-4803-AA5F-99C15DB40798}
	EndGlobalSection
EndGlobal
