
Microsoft Visual Studio Solution File, Format Version 12.00
# Visual Studio Version 16
VisualStudioVersion = 16.0.30114.105
MinimumVisualStudioVersion = 10.0.40219.1
Project("{FAE04EC0-301F-11D3-BF4B-00C04F79EFBC}") = "NinjaCheetah Installer", "NinjaCheetah Installer\NinjaCheetah Installer.csproj", "{D93F5BA1-2A17-48E8-ABE9-F07FFD2A7426}"
EndProject
Global
	GlobalSection(SolutionConfigurationPlatforms) = preSolution
		Debug|Any CPU = Debug|Any CPU
		Release|Any CPU = Release|Any CPU
	EndGlobalSection
	GlobalSection(ProjectConfigurationPlatforms) = postSolution
		{D93F5BA1-2A17-48E8-ABE9-F07FFD2A7426}.Debug|Any CPU.ActiveCfg = Debug|Any CPU
		{D93F5BA1-2A17-48E8-ABE9-F07FFD2A7426}.Debug|Any CPU.Build.0 = Debug|Any CPU
		{D93F5BA1-2A17-48E8-ABE9-F07FFD2A7426}.Release|Any CPU.ActiveCfg = Release|Any CPU
		{D93F5BA1-2A17-48E8-ABE9-F07FFD2A7426}.Release|Any CPU.Build.0 = Release|Any CPU
	EndGlobalSection
	GlobalSection(SolutionProperties) = preSolution
		HideSolutionNode = FALSE
	EndGlobalSection
	GlobalSection(ExtensibilityGlobals) = postSolution
		SolutionGuid = {3ECCA159-8EB4-4803-AA5F-99C15DB40798}
	EndGlobalSection
EndGlobal
